
Microsoft Visual Studio Solution File, Format Version 12.00
# Visual Studio Version 17
VisualStudioVersion = 17.9.34728.123
MinimumVisualStudioVersion = 10.0.40219.1
Project("{FAE04EC0-301F-11D3-BF4B-00C04F79EFBC}") = "SkillboxLessen7.8", "SkillboxLessen7.8\SkillboxLessen7.8.csproj", "{0761ABBE-F8F8-403D-A81C-D1D5937F811F}"
EndProject
Global
	GlobalSection(SolutionConfigurationPlatforms) = preSolution
		Debug|Any CPU = Debug|Any CPU
		Release|Any CPU = Release|Any CPU
	EndGlobalSection
	GlobalSection(ProjectConfigurationPlatforms) = postSolution
		{0761ABBE-F8F8-403D-A81C-D1D5937F811F}.Debug|Any CPU.ActiveCfg = Debug|Any CPU
		{0761ABBE-F8F8-403D-A81C-D1D5937F811F}.Debug|Any CPU.Build.0 = Debug|Any CPU
		{0761ABBE-F8F8-403D-A81C-D1D5937F811F}.Release|Any CPU.ActiveCfg = Release|Any CPU
		{0761ABBE-F8F8-403D-A81C-D1D5937F811F}.Release|Any CPU.Build.0 = Release|Any CPU
	EndGlobalSection
	GlobalSection(SolutionProperties) = preSolution
		HideSolutionNode = FALSE
	EndGlobalSection
	GlobalSection(ExtensibilityGlobals) = postSolution
		SolutionGuid = {11991DC2-9A5D-4A93-BFD4-4AC322AFE01E}
	EndGlobalSection
EndGlobal
